Microsoft Visual Studio Solution File, Format Version 12.00
# Visual Studio Version 17
VisualStudioVersion = 17.5.2.0
MinimumVisualStudioVersion = 10.0.40219.1
Project("{FAE04EC0-301F-11D3-BF4B-00C04F79EFBC}") = "DocHelp", "DocHelp.csproj", "{078652B0-CC65-6913-5BBA-906AA9B265E9}"
EndProject
Global
	GlobalSection(SolutionConfigurationPlatforms) = preSolution
		Debug|Any CPU = Debug|Any CPU
		Release|Any CPU = Release|Any CPU
	EndGlobalSection
	GlobalSection(ProjectConfigurationPlatforms) = postSolution
		{078652B0-CC65-6913-5BBA-906AA9B265E9}.Debug|Any CPU.ActiveCfg = Debug|Any CPU
		{078652B0-CC65-6913-5BBA-906AA9B265E9}.Debug|Any CPU.Build.0 = Debug|Any CPU
		{078652B0-CC65-6913-5BBA-906AA9B265E9}.Release|Any CPU.ActiveCfg = Release|Any CPU
		{078652B0-CC65-6913-5BBA-906AA9B265E9}.Release|Any CPU.Build.0 = Release|Any CPU
	EndGlobalSection
	GlobalSection(SolutionProperties) = preSolution
		HideSolutionNode = FALSE
	EndGlobalSection
	GlobalSection(ExtensibilityGlobals) = postSolution
		SolutionGuid = {BFC65EB2-1D51-44DA-8500-47EAD1040E13}
	EndGlobalSection
EndGlobal
